{
  "name": "Kimchi_Premium",
  "lockfileVersion": 2,
  "requires": true,
  "packages": {
    "": {
      "dependencies": {
        "ccxt": "^1.81.40"
      },
      "devDependencies": {
        "@types/node": "^17.0.31"
      }
    },
    "node_modules/@types/node": {
      "version": "17.0.31",
      "resolved": "https://registry.npmjs.org/@types/node/-/node-17.0.31.tgz",
      "integrity": "sha512-AR0x5HbXGqkEx9CadRH3EBYx/VkiUgZIhP4wvPn/+5KIsgpNoyFaRlVe0Zlx9gRtg8fA06a9tskE2MSN7TcG4Q==",
      "dev": true
    },
    "node_modules/ccxt": {
      "version": "1.81.40",
      "resolved": "https://registry.npmjs.org/ccxt/-/ccxt-1.81.40.tgz",
      "integrity": "sha512-9AhTXIDvOoVh52FbcgePXmkEAhtiAf4vIypTBxKoWXO99efsSSnY96/YpNjGJoSa1DtTMEJoGebcFVN277s4WA==",
      "hasInstallScript": true,
      "engines": {
        "node": ">=10.4.0"
      }
    }
  },
  "dependencies": {
    "@types/node": {
      "version": "17.0.31",
      "resolved": "https://registry.npmjs.org/@types/node/-/node-17.0.31.tgz",
      "integrity": "sha512-AR0x5HbXGqkEx9CadRH3EBYx/VkiUgZIhP4wvPn/+5KIsgpNoyFaRlVe0Zlx9gRtg8fA06a9tskE2MSN7TcG4Q==",
      "dev": true
    },
    "ccxt": {
      "version": "1.81.40",
      "resolved": "https://registry.npmjs.org/ccxt/-/ccxt-1.81.40.tgz",
      "integrity": "sha512-9AhTXIDvOoVh52FbcgePXmkEAhtiAf4vIypTBxKoWXO99efsSSnY96/YpNjGJoSa1DtTMEJoGebcFVN277s4WA=="
    }
  }
}
